
Microsoft Visual Studio Solution File, Format Version 12.00
# Visual Studio Version 17
VisualStudioVersion = 17.3.32929.385
MinimumVisualStudioVersion = 10.0.40219.1
Project("{FAE04EC0-301F-11D3-BF4B-00C04F79EFBC}") = "TPwinform", "TPwinform\TPwinform.csproj", "{56AB7D14-462E-455E-860C-91C75EE7AA7C}"
EndProject
Project("{FAE04EC0-301F-11D3-BF4B-00C04F79EFBC}") = "dominio", "dominio\dominio.csproj", "{60900BD5-05D4-4C30-9EC8-653EC19B0A18}"
EndProject
Project("{FAE04EC0-301F-11D3-BF4B-00C04F79EFBC}") = "Funcionalidad", "Funcionalidad\Funcionalidad.csproj", "{D02DCA58-9E49-4B3E-8218-1C977BA22DE4}"
EndProject
Global
	GlobalSection(SolutionConfigurationPlatforms) = preSolution
		Debug|Any CPU = Debug|Any CPU
		Release|Any CPU = Release|Any CPU
	EndGlobalSection
	GlobalSection(ProjectConfigurationPlatforms) = postSolution
		{56AB7D14-462E-455E-860C-91C75EE7AA7C}.Debug|Any CPU.ActiveCfg = Debug|Any CPU
		{56AB7D14-462E-455E-860C-91C75EE7AA7C}.Debug|Any CPU.Build.0 = Debug|Any CPU
		{56AB7D14-462E-455E-860C-91C75EE7AA7C}.Release|Any CPU.ActiveCfg = Release|Any CPU
		{56AB7D14-462E-455E-860C-91C75EE7AA7C}.Release|Any CPU.Build.0 = Release|Any CPU
		{60900BD5-05D4-4C30-9EC8-653EC19B0A18}.Debug|Any CPU.ActiveCfg = Debug|Any CPU
		{60900BD5-05D4-4C30-9EC8-653EC19B0A18}.Debug|Any CPU.Build.0 = Debug|Any CPU
		{60900BD5-05D4-4C30-9EC8-653EC19B0A18}.Release|Any CPU.ActiveCfg = Release|Any CPU
		{60900BD5-05D4-4C30-9EC8-653EC19B0A18}.Release|Any CPU.Build.0 = Release|Any CPU
		{D02DCA58-9E49-4B3E-8218-1C977BA22DE4}.Debug|Any CPU.ActiveCfg = Debug|Any CPU
		{D02DCA58-9E49-4B3E-8218-1C977BA22DE4}.Debug|Any CPU.Build.0 = Debug|Any CPU
		{D02DCA58-9E49-4B3E-8218-1C977BA22DE4}.Release|Any CPU.ActiveCfg = Release|Any CPU
		{D02DCA58-9E49-4B3E-8218-1C977BA22DE4}.Release|Any CPU.Build.0 = Release|Any CPU
	EndGlobalSection
	GlobalSection(SolutionProperties) = preSolution
		HideSolutionNode = FALSE
	EndGlobalSection
	GlobalSection(ExtensibilityGlobals) = postSolution
		SolutionGuid = {539EE372-1597-4D90-A9C0-B89961A5D93A}
	EndGlobalSection
EndGlobal
